[[package]]
name = "pandas"
version = "2.2.2"

[[package]]
name = "openpyxl"
version = "3.1.2"

[[package]]
name = "xlrd"
version = "2.0.1"

[[package]]
name = "jinja2"
version = "3.1.3"

[[package]]
name = "pdfkit"
version = "1.0.0"

[[package]]
name = "python-dotenv"
version = "1.0.1"

[[package]]
name = "google-generativeai"
version = "0.3.2"

[[package]]
name = "crewai"
version = "0.22.8"

[[package]]
name = "pydantic"
version = "2.6.4"

[[package]]
name = "pydantic-settings"
version = "2.2.1"

[[package]]
name = "argparse"
version = "1.4.0"

[metadata]
content-hash = "d6c6274acb1c4d8a9be23f00e7fcbfe7"
lock-version = "1.0"
python-versions = ">=3.10"
